
Microsoft Visual Studio Solution File, Format Version 12.00
# Visual Studio Version 17
VisualStudioVersion = 17.10.35013.160
MinimumVisualStudioVersion = 10.0.40219.1
Project("{FAE04EC0-301F-11D3-BF4B-00C04F79EFBC}") = "Selection Sort", "Selection Sort.csproj", "{08D0CFFE-8844-4509-B58E-3D7D477DCA8B}"
EndProject
Global
	GlobalSection(SolutionConfigurationPlatforms) = preSolution
		Debug|Any CPU = Debug|Any CPU
		Release|Any CPU = Release|Any CPU
	EndGlobalSection
	GlobalSection(ProjectConfigurationPlatforms) = postSolution
		{08D0CFFE-8844-4509-B58E-3D7D477DCA8B}.Debug|Any CPU.ActiveCfg = Debug|Any CPU
		{08D0CFFE-8844-4509-B58E-3D7D477DCA8B}.Debug|Any CPU.Build.0 = Debug|Any CPU
		{08D0CFFE-8844-4509-B58E-3D7D477DCA8B}.Release|Any CPU.ActiveCfg = Release|Any CPU
		{08D0CFFE-8844-4509-B58E-3D7D477DCA8B}.Release|Any CPU.Build.0 = Release|Any CPU
	EndGlobalSection
	GlobalSection(SolutionProperties) = preSolution
		HideSolutionNode = FALSE
	EndGlobalSection
	GlobalSection(ExtensibilityGlobals) = postSolution
		SolutionGuid = {5EE2F98C-3307-4FEB-95B6-9AF960444456}
	EndGlobalSection
EndGlobal
